
Microsoft Visual Studio Solution File, Format Version 12.00
# Visual Studio Version 17
VisualStudioVersion = 17.9.34723.18
MinimumVisualStudioVersion = 10.0.40219.1
Project("{2150E333-8FDC-42A3-9474-1A3956D46DE8}") = "Services", "Services", "{8FB1F509-0653-406D-B42E-BF2A88B3913E}"
EndProject
Project("{2150E333-8FDC-42A3-9474-1A3956D46DE8}") = "Catalog", "Catalog", "{80604165-9ACA-44BE-B205-1A5AE3409789}"
EndProject
Project("{9A19103F-16F7-4668-BE54-9A1E7A4F7556}") = "MultiShop.Catalog", "Services\Catalog\MultiShop.Catalog\MultiShop.Catalog.csproj", "{25E9F04C-9CA3-4263-A02A-9952F1562212}"
EndProject
Project("{2150E333-8FDC-42A3-9474-1A3956D46DE8}") = "Discount", "Discount", "{4D7BA374-FE1E-44FC-B668-3881A8691DD6}"
EndProject
Project("{9A19103F-16F7-4668-BE54-9A1E7A4F7556}") = "MultiShop.Discount", "Services\Discount\MultiShop.Discount\MultiShop.Discount.csproj", "{1EFE2174-EA19-4F50-B9F9-356011629761}"
EndProject
Project("{2150E333-8FDC-42A3-9474-1A3956D46DE8}") = "Order", "Order", "{43BDEC2B-8B58-4D78-814C-4235AB5E653A}"
EndProject
Project("{2150E333-8FDC-42A3-9474-1A3956D46DE8}") = "Core", "Core", "{D1D3A129-4FC0-4571-87E7-E13A565F8BD5}"
EndProject
Project("{2150E333-8FDC-42A3-9474-1A3956D46DE8}") = "Infrastructure", "Infrastructure", "{C27B47DA-8A11-4AD9-8CE0-AD8BC6A97616}"
EndProject
Project("{2150E333-8FDC-42A3-9474-1A3956D46DE8}") = "Presentation", "Presentation", "{19AE02BA-4A75-4ED1-850A-C8CD8955CFAE}"
EndProject
Project("{9A19103F-16F7-4668-BE54-9A1E7A4F7556}") = "MultiShop.Order.Domain", "Services\Order\Core\MultiShop.Order.Domain\MultiShop.Order.Domain.csproj", "{09A92145-23D3-4B0C-BCEF-A8C5F3E8CD1B}"
EndProject
Project("{9A19103F-16F7-4668-BE54-9A1E7A4F7556}") = "MultiShop.Order.Application", "Services\Order\Core\MultiShop.Order.Application\MultiShop.Order.Application.csproj", "{A16821F9-4E7C-4BB1-B995-873EE68891E7}"
EndProject
Project("{9A19103F-16F7-4668-BE54-9A1E7A4F7556}") = "MultiShop.Order.Persistence", "Services\Order\Infrastructure\MultiShop.Order.Persistence\MultiShop.Order.Persistence.csproj", "{284B17EC-A85E-49E1-8E31-8EB8D8DC3AB0}"
EndProject
Project("{9A19103F-16F7-4668-BE54-9A1E7A4F7556}") = "MultiShop.Order.WebApi", "Order\Presentation\MultiShop.Order.WebApi\MultiShop.Order.WebApi.csproj", "{A9B2C855-5896-4095-8978-BFE5AB48B4AA}"
EndProject
Project("{2150E333-8FDC-42A3-9474-1A3956D46DE8}") = "IdentityServer", "IdentityServer", "{4BF1EC13-4ACB-4A11-B36C-7F6D3EB0D52D}"
EndProject
Project("{9A19103F-16F7-4668-BE54-9A1E7A4F7556}") = "MultiShop.IdentityServer", "IdentityServer\MultiShop.IdentityServer\MultiShop.IdentityServer.csproj", "{5EE91282-1A95-4157-A041-183066C59A05}"
EndProject
Project("{2150E333-8FDC-42A3-9474-1A3956D46DE8}") = "Cargo", "Cargo", "{AC92CA2F-C66C-4763-98A9-20DFA5EE8D87}"
EndProject
Project("{9A19103F-16F7-4668-BE54-9A1E7A4F7556}") = "MultiShop.Cargo.EntityLayer", "Services\Cargo\MultiShop.Cargo.EntityLayer\MultiShop.Cargo.EntityLayer.csproj", "{D81E2387-0D6F-4503-A301-462CE64AABFF}"
EndProject
Project("{9A19103F-16F7-4668-BE54-9A1E7A4F7556}") = "MultiShop.Cargo.BusinessLayer", "Services\Cargo\MultiShop.Cargo.BusinessLayer\MultiShop.Cargo.BusinessLayer.csproj", "{0BC84E90-9AC7-4516-9CF0-768909707CDB}"
EndProject
Project("{9A19103F-16F7-4668-BE54-9A1E7A4F7556}") = "MultiShop.Cargo.DataAccessLayer", "Services\Cargo\MultiShop.Cargo.DataAccessLayer\MultiShop.Cargo.DataAccessLayer.csproj", "{15C66015-806C-49D9-993A-055E6D6FF11D}"
EndProject
Project("{9A19103F-16F7-4668-BE54-9A1E7A4F7556}") = "MultiShop.Cargo.WebApi", "Services\Cargo\MultiShop.Cargo.WebApi\MultiShop.Cargo.WebApi.csproj", "{8A7C10D6-9659-49C2-8BA9-FF94F4F468B0}"
EndProject
Project("{9A19103F-16F7-4668-BE54-9A1E7A4F7556}") = "MultiShop.Cargo.DtoLayer", "Services\Cargo\MultiShop.Cargo.DtoLayer\MultiShop.Cargo.DtoLayer.csproj", "{B9DCEE8E-0FFE-4BCA-886C-D312736E6562}"
EndProject
Project("{2150E333-8FDC-42A3-9474-1A3956D46DE8}") = "Basket", "Basket", "{B5DC9257-CDB5-421C-BC6D-F2625E49B9CD}"
EndProject
Project("{9A19103F-16F7-4668-BE54-9A1E7A4F7556}") = "MultiShop.Basket", "Services\Basket\MultiShop.Basket\MultiShop.Basket.csproj", "{92B771F9-F8A1-4CEB-9A57-F35687E0298F}"
EndProject
Project("{2150E333-8FDC-42A3-9474-1A3956D46DE8}") = "Frontends", "Frontends", "{89FF4A57-6465-4438-B71F-8AC0BFCBF0DA}"
EndProject
Project("{9A19103F-16F7-4668-BE54-9A1E7A4F7556}") = "MultiShop.WebUI", "Frontends\MultiShop.WebUI\MultiShop.WebUI.csproj", "{F1DC6E23-9978-4C02-9E20-8845F230AA07}"
EndProject
Project("{9A19103F-16F7-4668-BE54-9A1E7A4F7556}") = "MultiShop.DtoLayer", "Frontends\MultiShop.DtoLayer\MultiShop.DtoLayer.csproj", "{24146E46-4262-4FE5-BDBF-E5C5ABC3C704}"
EndProject
Project("{2150E333-8FDC-42A3-9474-1A3956D46DE8}") = "Comment", "Comment", "{37631A6C-36C3-4118-B1F3-EDD28BFF34C1}"
EndProject
Project("{9A19103F-16F7-4668-BE54-9A1E7A4F7556}") = "MultiShop.Comment", "Services\Comment\MultiShop.Comment\MultiShop.Comment.csproj", "{88C60A71-ED3F-498D-AA41-AE681557094D}"
EndProject
Project("{2150E333-8FDC-42A3-9474-1A3956D46DE8}") = "ApiGateway", "ApiGateway", "{13D27046-F01B-4E28-9EB2-D1D549DBD614}"
EndProject
Project("{2150E333-8FDC-42A3-9474-1A3956D46DE8}") = "RapidApi", "RapidApi", "{00218B6E-D0A6-4082-A673-D607E85B4265}"
EndProject
Project("{9A19103F-16F7-4668-BE54-9A1E7A4F7556}") = "MultiShop.OcelotGateway", "ApiGateway\MultiShop.OcelotGateway\MultiShop.OcelotGateway.csproj", "{99D47114-3041-4197-8670-F4F11AD223A7}"
EndProject
Project("{2150E333-8FDC-42A3-9474-1A3956D46DE8}") = "Payment", "Payment", "{EF9F6900-F278-4EAD-96EC-C1D6D553B213}"
EndProject
Project("{9A19103F-16F7-4668-BE54-9A1E7A4F7556}") = "MultiShop.Payment", "Services\Payment\MultiShop.Payment\MultiShop.Payment.csproj", "{4A4D46F4-8FBE-47E8-9638-A12785CC6261}"
EndProject
Project("{2150E333-8FDC-42A3-9474-1A3956D46DE8}") = "Images", "Images", "{5782A78D-743A-4A89-BB73-F48E19523EB7}"
EndProject
Project("{9A19103F-16F7-4668-BE54-9A1E7A4F7556}") = "MultiShop.Images", "Services\Images\MultiShop.Images\MultiShop.Images.csproj", "{696ABE58-B7D3-4093-96FB-0A25BA9E8C71}"
EndProject
Project("{2150E333-8FDC-42A3-9474-1A3956D46DE8}") = "Message", "Message", "{E1787574-CEB3-4F64-B8A9-889D9ECD9FD0}"
EndProject
Project("{9A19103F-16F7-4668-BE54-9A1E7A4F7556}") = "MultiShop.Message", "Services\Message\MultiShop.Message\MultiShop.Message.csproj", "{2646B8CB-2D18-4511-B954-1702CAC26143}"
EndProject
Project("{2150E333-8FDC-42A3-9474-1A3956D46DE8}") = "RabbitMQmMessage", "RabbitMQmMessage", "{40E91422-69E5-4E58-8137-E7E3D6187069}"
EndProject
Project("{FAE04EC0-301F-11D3-BF4B-00C04F79EFBC}") = "MultiShop.RabbitMQMessageApi", "RabbitMQMessage\MultiShop.RabbitMQMessageApi\MultiShop.RabbitMQMessageApi.csproj", "{DA9B92A1-A2D2-49F9-98AF-1F3F7667034A}"
EndProject
Project("{FAE04EC0-301F-11D3-BF4B-00C04F79EFBC}") = "MultiShop.RapidApiWebUI", "RapidApi\MultiShop.RapidApiWebUI\MultiShop.RapidApiWebUI.csproj", "{B96E4080-FAE4-46FB-9121-C157AF946777}"
EndProject
Global
	GlobalSection(SolutionConfigurationPlatforms) = preSolution
		Debug|Any CPU = Debug|Any CPU
		Release|Any CPU = Release|Any CPU
	EndGlobalSection
	GlobalSection(ProjectConfigurationPlatforms) = postSolution
		{25E9F04C-9CA3-4263-A02A-9952F1562212}.Debug|Any CPU.ActiveCfg = Debug|Any CPU
		{25E9F04C-9CA3-4263-A02A-9952F1562212}.Debug|Any CPU.Build.0 = Debug|Any CPU
		{25E9F04C-9CA3-4263-A02A-9952F1562212}.Release|Any CPU.ActiveCfg = Release|Any CPU
		{25E9F04C-9CA3-4263-A02A-9952F1562212}.Release|Any CPU.Build.0 = Release|Any CPU
		{1EFE2174-EA19-4F50-B9F9-356011629761}.Debug|Any CPU.ActiveCfg = Debug|Any CPU
		{1EFE2174-EA19-4F50-B9F9-356011629761}.Debug|Any CPU.Build.0 = Debug|Any CPU
		{1EFE2174-EA19-4F50-B9F9-356011629761}.Release|Any CPU.ActiveCfg = Release|Any CPU
		{1EFE2174-EA19-4F50-B9F9-356011629761}.Release|Any CPU.Build.0 = Release|Any CPU
		{09A92145-23D3-4B0C-BCEF-A8C5F3E8CD1B}.Debug|Any CPU.ActiveCfg = Debug|Any CPU
		{09A92145-23D3-4B0C-BCEF-A8C5F3E8CD1B}.Debug|Any CPU.Build.0 = Debug|Any CPU
		{09A92145-23D3-4B0C-BCEF-A8C5F3E8CD1B}.Release|Any CPU.ActiveCfg = Release|Any CPU
		{09A92145-23D3-4B0C-BCEF-A8C5F3E8CD1B}.Release|Any CPU.Build.0 = Release|Any CPU
		{A16821F9-4E7C-4BB1-B995-873EE68891E7}.Debug|Any CPU.ActiveCfg = Debug|Any CPU
		{A16821F9-4E7C-4BB1-B995-873EE68891E7}.Debug|Any CPU.Build.0 = Debug|Any CPU
		{A16821F9-4E7C-4BB1-B995-873EE68891E7}.Release|Any CPU.ActiveCfg = Release|Any CPU
		{A16821F9-4E7C-4BB1-B995-873EE68891E7}.Release|Any CPU.Build.0 = Release|Any CPU
		{284B17EC-A85E-49E1-8E31-8EB8D8DC3AB0}.Debug|Any CPU.ActiveCfg = Debug|Any CPU
		{284B17EC-A85E-49E1-8E31-8EB8D8DC3AB0}.Debug|Any CPU.Build.0 = Debug|Any CPU
		{284B17EC-A85E-49E1-8E31-8EB8D8DC3AB0}.Release|Any CPU.ActiveCfg = Release|Any CPU
		{284B17EC-A85E-49E1-8E31-8EB8D8DC3AB0}.Release|Any CPU.Build.0 = Release|Any CPU
		{A9B2C855-5896-4095-8978-BFE5AB48B4AA}.Debug|Any CPU.ActiveCfg = Debug|Any CPU
		{A9B2C855-5896-4095-8978-BFE5AB48B4AA}.Debug|Any CPU.Build.0 = Debug|Any CPU
		{A9B2C855-5896-4095-8978-BFE5AB48B4AA}.Release|Any CPU.ActiveCfg = Release|Any CPU
		{A9B2C855-5896-4095-8978-BFE5AB48B4AA}.Release|Any CPU.Build.0 = Release|Any CPU
		{5EE91282-1A95-4157-A041-183066C59A05}.Debug|Any CPU.ActiveCfg = Debug|Any CPU
		{5EE91282-1A95-4157-A041-183066C59A05}.Debug|Any CPU.Build.0 = Debug|Any CPU
		{5EE91282-1A95-4157-A041-183066C59A05}.Release|Any CPU.ActiveCfg = Release|Any CPU
		{5EE91282-1A95-4157-A041-183066C59A05}.Release|Any CPU.Build.0 = Release|Any CPU
		{D81E2387-0D6F-4503-A301-462CE64AABFF}.Debug|Any CPU.ActiveCfg = Debug|Any CPU
		{D81E2387-0D6F-4503-A301-462CE64AABFF}.Debug|Any CPU.Build.0 = Debug|Any CPU
		{D81E2387-0D6F-4503-A301-462CE64AABFF}.Release|Any CPU.ActiveCfg = Release|Any CPU
		{D81E2387-0D6F-4503-A301-462CE64AABFF}.Release|Any CPU.Build.0 = Release|Any CPU
		{0BC84E90-9AC7-4516-9CF0-768909707CDB}.Debug|Any CPU.ActiveCfg = Debug|Any CPU
		{0BC84E90-9AC7-4516-9CF0-768909707CDB}.Debug|Any CPU.Build.0 = Debug|Any CPU
		{0BC84E90-9AC7-4516-9CF0-768909707CDB}.Release|Any CPU.ActiveCfg = Release|Any CPU
		{0BC84E90-9AC7-4516-9CF0-768909707CDB}.Release|Any CPU.Build.0 = Release|Any CPU
		{15C66015-806C-49D9-993A-055E6D6FF11D}.Debug|Any CPU.ActiveCfg = Debug|Any CPU
		{15C66015-806C-49D9-993A-055E6D6FF11D}.Debug|Any CPU.Build.0 = Debug|Any CPU
		{15C66015-806C-49D9-993A-055E6D6FF11D}.Release|Any CPU.ActiveCfg = Release|Any CPU
		{15C66015-806C-49D9-993A-055E6D6FF11D}.Release|Any CPU.Build.0 = Release|Any CPU
		{8A7C10D6-9659-49C2-8BA9-FF94F4F468B0}.Debug|Any CPU.ActiveCfg = Debug|Any CPU
		{8A7C10D6-9659-49C2-8BA9-FF94F4F468B0}.Debug|Any CPU.Build.0 = Debug|Any CPU
		{8A7C10D6-9659-49C2-8BA9-FF94F4F468B0}.Release|Any CPU.ActiveCfg = Release|Any CPU
		{8A7C10D6-9659-49C2-8BA9-FF94F4F468B0}.Release|Any CPU.Build.0 = Release|Any CPU
		{B9DCEE8E-0FFE-4BCA-886C-D312736E6562}.Debug|Any CPU.ActiveCfg = Debug|Any CPU
		{B9DCEE8E-0FFE-4BCA-886C-D312736E6562}.Debug|Any CPU.Build.0 = Debug|Any CPU
		{B9DCEE8E-0FFE-4BCA-886C-D312736E6562}.Release|Any CPU.ActiveCfg = Release|Any CPU
		{B9DCEE8E-0FFE-4BCA-886C-D312736E6562}.Release|Any CPU.Build.0 = Release|Any CPU
		{92B771F9-F8A1-4CEB-9A57-F35687E0298F}.Debug|Any CPU.ActiveCfg = Debug|Any CPU
		{92B771F9-F8A1-4CEB-9A57-F35687E0298F}.Debug|Any CPU.Build.0 = Debug|Any CPU
		{92B771F9-F8A1-4CEB-9A57-F35687E0298F}.Release|Any CPU.ActiveCfg = Release|Any CPU
		{92B771F9-F8A1-4CEB-9A57-F35687E0298F}.Release|Any CPU.Build.0 = Release|Any CPU
		{F1DC6E23-9978-4C02-9E20-8845F230AA07}.Debug|Any CPU.ActiveCfg = Debug|Any CPU
		{F1DC6E23-9978-4C02-9E20-8845F230AA07}.Debug|Any CPU.Build.0 = Debug|Any CPU
		{F1DC6E23-9978-4C02-9E20-8845F230AA07}.Release|Any CPU.ActiveCfg = Release|Any CPU
		{F1DC6E23-9978-4C02-9E20-8845F230AA07}.Release|Any CPU.Build.0 = Release|Any CPU
		{24146E46-4262-4FE5-BDBF-E5C5ABC3C704}.Debug|Any CPU.ActiveCfg = Debug|Any CPU
		{24146E46-4262-4FE5-BDBF-E5C5ABC3C704}.Debug|Any CPU.Build.0 = Debug|Any CPU
		{24146E46-4262-4FE5-BDBF-E5C5ABC3C704}.Release|Any CPU.ActiveCfg = Release|Any CPU
		{24146E46-4262-4FE5-BDBF-E5C5ABC3C704}.Release|Any CPU.Build.0 = Release|Any CPU
		{88C60A71-ED3F-498D-AA41-AE681557094D}.Debug|Any CPU.ActiveCfg = Debug|Any CPU
		{88C60A71-ED3F-498D-AA41-AE681557094D}.Debug|Any CPU.Build.0 = Debug|Any CPU
		{88C60A71-ED3F-498D-AA41-AE681557094D}.Release|Any CPU.ActiveCfg = Release|Any CPU
		{88C60A71-ED3F-498D-AA41-AE681557094D}.Release|Any CPU.Build.0 = Release|Any CPU
		{99D47114-3041-4197-8670-F4F11AD223A7}.Debug|Any CPU.ActiveCfg = Debug|Any CPU
		{99D47114-3041-4197-8670-F4F11AD223A7}.Debug|Any CPU.Build.0 = Debug|Any CPU
		{99D47114-3041-4197-8670-F4F11AD223A7}.Release|Any CPU.ActiveCfg = Release|Any CPU
		{99D47114-3041-4197-8670-F4F11AD223A7}.Release|Any CPU.Build.0 = Release|Any CPU
		{4A4D46F4-8FBE-47E8-9638-A12785CC6261}.Debug|Any CPU.ActiveCfg = Debug|Any CPU
		{4A4D46F4-8FBE-47E8-9638-A12785CC6261}.Debug|Any CPU.Build.0 = Debug|Any CPU
		{4A4D46F4-8FBE-47E8-9638-A12785CC6261}.Release|Any CPU.ActiveCfg = Release|Any CPU
		{4A4D46F4-8FBE-47E8-9638-A12785CC6261}.Release|Any CPU.Build.0 = Release|Any CPU
		{696ABE58-B7D3-4093-96FB-0A25BA9E8C71}.Debug|Any CPU.ActiveCfg = Debug|Any CPU
		{696ABE58-B7D3-4093-96FB-0A25BA9E8C71}.Debug|Any CPU.Build.0 = Debug|Any CPU
		{696ABE58-B7D3-4093-96FB-0A25BA9E8C71}.Release|Any CPU.ActiveCfg = Release|Any CPU
		{696ABE58-B7D3-4093-96FB-0A25BA9E8C71}.Release|Any CPU.Build.0 = Release|Any CPU
		{2646B8CB-2D18-4511-B954-1702CAC26143}.Debug|Any CPU.ActiveCfg = Debug|Any CPU
		{2646B8CB-2D18-4511-B954-1702CAC26143}.Debug|Any CPU.Build.0 = Debug|Any CPU
		{2646B8CB-2D18-4511-B954-1702CAC26143}.Release|Any CPU.ActiveCfg = Release|Any CPU
		{2646B8CB-2D18-4511-B954-1702CAC26143}.Release|Any CPU.Build.0 = Release|Any CPU
		{DA9B92A1-A2D2-49F9-98AF-1F3F7667034A}.Debug|Any CPU.ActiveCfg = Debug|Any CPU
		{DA9B92A1-A2D2-49F9-98AF-1F3F7667034A}.Debug|Any CPU.Build.0 = Debug|Any CPU
		{DA9B92A1-A2D2-49F9-98AF-1F3F7667034A}.Release|Any CPU.ActiveCfg = Release|Any CPU
		{DA9B92A1-A2D2-49F9-98AF-1F3F7667034A}.Release|Any CPU.Build.0 = Release|Any CPU
		{B96E4080-FAE4-46FB-9121-C157AF946777}.Debug|Any CPU.ActiveCfg = Debug|Any CPU
		{B96E4080-FAE4-46FB-9121-C157AF946777}.Debug|Any CPU.Build.0 = Debug|Any CPU
		{B96E4080-FAE4-46FB-9121-C157AF946777}.Release|Any CPU.ActiveCfg = Release|Any CPU
		{B96E4080-FAE4-46FB-9121-C157AF946777}.Release|Any CPU.Build.0 = Release|Any CPU
	EndGlobalSection
	GlobalSection(SolutionProperties) = preSolution
		HideSolutionNode = FALSE
	EndGlobalSection
	GlobalSection(NestedProjects) = preSolution
		{80604165-9ACA-44BE-B205-1A5AE3409789} = {8FB1F509-0653-406D-B42E-BF2A88B3913E}
		{25E9F04C-9CA3-4263-A02A-9952F1562212} = {80604165-9ACA-44BE-B205-1A5AE3409789}
		{4D7BA374-FE1E-44FC-B668-3881A8691DD6} = {8FB1F509-0653-406D-B42E-BF2A88B3913E}
		{1EFE2174-EA19-4F50-B9F9-356011629761} = {4D7BA374-FE1E-44FC-B668-3881A8691DD6}
		{43BDEC2B-8B58-4D78-814C-4235AB5E653A} = {8FB1F509-0653-406D-B42E-BF2A88B3913E}
		{D1D3A129-4FC0-4571-87E7-E13A565F8BD5} = {43BDEC2B-8B58-4D78-814C-4235AB5E653A}
		{C27B47DA-8A11-4AD9-8CE0-AD8BC6A97616} = {43BDEC2B-8B58-4D78-814C-4235AB5E653A}
		{19AE02BA-4A75-4ED1-850A-C8CD8955CFAE} = {43BDEC2B-8B58-4D78-814C-4235AB5E653A}
		{09A92145-23D3-4B0C-BCEF-A8C5F3E8CD1B} = {D1D3A129-4FC0-4571-87E7-E13A565F8BD5}
		{A16821F9-4E7C-4BB1-B995-873EE68891E7} = {D1D3A129-4FC0-4571-87E7-E13A565F8BD5}
		{284B17EC-A85E-49E1-8E31-8EB8D8DC3AB0} = {C27B47DA-8A11-4AD9-8CE0-AD8BC6A97616}
		{A9B2C855-5896-4095-8978-BFE5AB48B4AA} = {19AE02BA-4A75-4ED1-850A-C8CD8955CFAE}
		{5EE91282-1A95-4157-A041-183066C59A05} = {4BF1EC13-4ACB-4A11-B36C-7F6D3EB0D52D}
		{AC92CA2F-C66C-4763-98A9-20DFA5EE8D87} = {8FB1F509-0653-406D-B42E-BF2A88B3913E}
		{D81E2387-0D6F-4503-A301-462CE64AABFF} = {AC92CA2F-C66C-4763-98A9-20DFA5EE8D87}
		{0BC84E90-9AC7-4516-9CF0-768909707CDB} = {AC92CA2F-C66C-4763-98A9-20DFA5EE8D87}
		{15C66015-806C-49D9-993A-055E6D6FF11D} = {AC92CA2F-C66C-4763-98A9-20DFA5EE8D87}
		{8A7C10D6-9659-49C2-8BA9-FF94F4F468B0} = {AC92CA2F-C66C-4763-98A9-20DFA5EE8D87}
		{B9DCEE8E-0FFE-4BCA-886C-D312736E6562} = {AC92CA2F-C66C-4763-98A9-20DFA5EE8D87}
		{B5DC9257-CDB5-421C-BC6D-F2625E49B9CD} = {8FB1F509-0653-406D-B42E-BF2A88B3913E}
		{92B771F9-F8A1-4CEB-9A57-F35687E0298F} = {B5DC9257-CDB5-421C-BC6D-F2625E49B9CD}
		{F1DC6E23-9978-4C02-9E20-8845F230AA07} = {89FF4A57-6465-4438-B71F-8AC0BFCBF0DA}
		{24146E46-4262-4FE5-BDBF-E5C5ABC3C704} = {89FF4A57-6465-4438-B71F-8AC0BFCBF0DA}
		{37631A6C-36C3-4118-B1F3-EDD28BFF34C1} = {8FB1F509-0653-406D-B42E-BF2A88B3913E}
		{88C60A71-ED3F-498D-AA41-AE681557094D} = {37631A6C-36C3-4118-B1F3-EDD28BFF34C1}
		{99D47114-3041-4197-8670-F4F11AD223A7} = {13D27046-F01B-4E28-9EB2-D1D549DBD614}
		{EF9F6900-F278-4EAD-96EC-C1D6D553B213} = {8FB1F509-0653-406D-B42E-BF2A88B3913E}
		{4A4D46F4-8FBE-47E8-9638-A12785CC6261} = {EF9F6900-F278-4EAD-96EC-C1D6D553B213}
		{5782A78D-743A-4A89-BB73-F48E19523EB7} = {8FB1F509-0653-406D-B42E-BF2A88B3913E}
		{696ABE58-B7D3-4093-96FB-0A25BA9E8C71} = {5782A78D-743A-4A89-BB73-F48E19523EB7}
		{E1787574-CEB3-4F64-B8A9-889D9ECD9FD0} = {8FB1F509-0653-406D-B42E-BF2A88B3913E}
		{2646B8CB-2D18-4511-B954-1702CAC26143} = {E1787574-CEB3-4F64-B8A9-889D9ECD9FD0}
		{40E91422-69E5-4E58-8137-E7E3D6187069} = {8FB1F509-0653-406D-B42E-BF2A88B3913E}
		{DA9B92A1-A2D2-49F9-98AF-1F3F7667034A} = {40E91422-69E5-4E58-8137-E7E3D6187069}
		{B96E4080-FAE4-46FB-9121-C157AF946777} = {00218B6E-D0A6-4082-A673-D607E85B4265}
	EndGlobalSection
	GlobalSection(ExtensibilityGlobals) = postSolution
		SolutionGuid = {30C70CD6-A5B0-4D24-BFFB-2E327D84952E}
	EndGlobalSection
EndGlobal
